
Microsoft Visual Studio Solution File, Format Version 12.00
Project("{FAE04EC0-301F-11D3-BF4B-00C04F79EFBC}") = "Restaurante", "Restaurante\Restaurante.csproj", "{AD7A10E6-81A2-4732-8573-E1C7C08D1335}"
EndProject
Global
	GlobalSection(SolutionConfigurationPlatforms) = preSolution
		Debug|Any CPU = Debug|Any CPU
		Release|Any CPU = Release|Any CPU
	EndGlobalSection
	GlobalSection(ProjectConfigurationPlatforms) = postSolution
		{AD7A10E6-81A2-4732-8573-E1C7C08D1335}.Debug|Any CPU.ActiveCfg = Debug|Any CPU
		{AD7A10E6-81A2-4732-8573-E1C7C08D1335}.Debug|Any CPU.Build.0 = Debug|Any CPU
		{AD7A10E6-81A2-4732-8573-E1C7C08D1335}.Release|Any CPU.ActiveCfg = Release|Any CPU
		{AD7A10E6-81A2-4732-8573-E1C7C08D1335}.Release|Any CPU.Build.0 = Release|Any CPU
	EndGlobalSection
EndGlobal
